
Microsoft Visual Studio Solution File, Format Version 12.00
# Visual Studio Version 17
VisualStudioVersion = 17.7.34031.279
MinimumVisualStudioVersion = 10.0.40219.1
Project("{9A19103F-16F7-4668-BE54-9A1E7A4F7556}") = "OPC-UA_Client", "OPC-UA_Client\OPC-UA_Client.csproj", "{08953C5F-47C9-4115-851E-2AF110FE526F}"
EndProject
Project("{FAE04EC0-301F-11D3-BF4B-00C04F79EFBC}") = "API", "API\API.csproj", "{EEE30D78-37EA-4FBF-8985-2CA04EDE3B4A}"
EndProject
Global
	GlobalSection(SolutionConfigurationPlatforms) = preSolution
		Debug|Any CPU = Debug|Any CPU
		Release|Any CPU = Release|Any CPU
	EndGlobalSection
	GlobalSection(ProjectConfigurationPlatforms) = postSolution
		{08953C5F-47C9-4115-851E-2AF110FE526F}.Debug|Any CPU.ActiveCfg = Debug|Any CPU
		{08953C5F-47C9-4115-851E-2AF110FE526F}.Debug|Any CPU.Build.0 = Debug|Any CPU
		{08953C5F-47C9-4115-851E-2AF110FE526F}.Release|Any CPU.ActiveCfg = Release|Any CPU
		{08953C5F-47C9-4115-851E-2AF110FE526F}.Release|Any CPU.Build.0 = Release|Any CPU
		{EEE30D78-37EA-4FBF-8985-2CA04EDE3B4A}.Debug|Any CPU.ActiveCfg = Debug|Any CPU
		{EEE30D78-37EA-4FBF-8985-2CA04EDE3B4A}.Debug|Any CPU.Build.0 = Debug|Any CPU
		{EEE30D78-37EA-4FBF-8985-2CA04EDE3B4A}.Release|Any CPU.ActiveCfg = Release|Any CPU
		{EEE30D78-37EA-4FBF-8985-2CA04EDE3B4A}.Release|Any CPU.Build.0 = Release|Any CPU
	EndGlobalSection
	GlobalSection(SolutionProperties) = preSolution
		HideSolutionNode = FALSE
	EndGlobalSection
	GlobalSection(ExtensibilityGlobals) = postSolution
		SolutionGuid = {6FE0695C-1CB1-4007-9625-CFC2F5BFA450}
	EndGlobalSection
EndGlobal
