
Microsoft Visual Studio Solution File, Format Version 12.00
# Visual Studio Version 17
VisualStudioVersion = 17.9.34622.214
MinimumVisualStudioVersion = 10.0.40219.1
Project("{FAE04EC0-301F-11D3-BF4B-00C04F79EFBC}") = "StartAPI", "StartAPI\StartAPI.csproj", "{659489F4-2016-44E1-9DE7-8D2AD9FB3E5F}"
EndProject
Global
	GlobalSection(SolutionConfigurationPlatforms) = preSolution
		Debug|Any CPU = Debug|Any CPU
		Release|Any CPU = Release|Any CPU
	EndGlobalSection
	GlobalSection(ProjectConfigurationPlatforms) = postSolution
		{659489F4-2016-44E1-9DE7-8D2AD9FB3E5F}.Debug|Any CPU.ActiveCfg = Debug|Any CPU
		{659489F4-2016-44E1-9DE7-8D2AD9FB3E5F}.Debug|Any CPU.Build.0 = Debug|Any CPU
		{659489F4-2016-44E1-9DE7-8D2AD9FB3E5F}.Release|Any CPU.ActiveCfg = Release|Any CPU
		{659489F4-2016-44E1-9DE7-8D2AD9FB3E5F}.Release|Any CPU.Build.0 = Release|Any CPU
	EndGlobalSection
	GlobalSection(SolutionProperties) = preSolution
		HideSolutionNode = FALSE
	EndGlobalSection
	GlobalSection(ExtensibilityGlobals) = postSolution
		SolutionGuid = {DB84A317-31B3-42BB-8017-05E002C3AF54}
	EndGlobalSection
EndGlobal
